
Microsoft Visual Studio Solution File, Format Version 12.00
# Visual Studio 15
VisualStudioVersion = 15.0.27428.2043
MinimumVisualStudioVersion = 10.0.40219.1
Project("{FAE04EC0-301F-11D3-BF4B-00C04F79EFBC}") = "ElquireWithSelenium", "SeleniumFirst\ElquireWithSelenium.csproj", "{3216238D-325D-4DAA-8374-D590486FBCB3}"
EndProject
Global
	GlobalSection(SolutionConfigurationPlatforms) = preSolution
		Debug|Any CPU = Debug|Any CPU
		Release|Any CPU = Release|Any CPU
	EndGlobalSection
	GlobalSection(ProjectConfigurationPlatforms) = postSolution
		{3216238D-325D-4DAA-8374-D590486FBCB3}.Debug|Any CPU.ActiveCfg = Debug|Any CPU
		{3216238D-325D-4DAA-8374-D590486FBCB3}.Debug|Any CPU.Build.0 = Debug|Any CPU
		{3216238D-325D-4DAA-8374-D590486FBCB3}.Release|Any CPU.ActiveCfg = Release|Any CPU
		{3216238D-325D-4DAA-8374-D590486FBCB3}.Release|Any CPU.Build.0 = Release|Any CPU
	EndGlobalSection
	GlobalSection(SolutionProperties) = preSolution
		HideSolutionNode = FALSE
	EndGlobalSection
	GlobalSection(ExtensibilityGlobals) = postSolution
		SolutionGuid = {B35F9D1D-DC41-4526-BB82-AD7635E4C4B0}
	EndGlobalSection
EndGlobal
